
Microsoft Visual Studio Solution File, Format Version 12.00
# Visual Studio Version 17
VisualStudioVersion = 17.11.35208.52
MinimumVisualStudioVersion = 10.0.40219.1
Project("{FAE04EC0-301F-11D3-BF4B-00C04F79EFBC}") = "ProjectCuoiKyNET", "ProjectCuoiKyNET\ProjectCuoiKyNET.csproj", "{A97517CB-FB95-4A03-9779-07289EE39007}"
EndProject
Global
	GlobalSection(SolutionConfigurationPlatforms) = preSolution
		Debug|Any CPU = Debug|Any CPU
		Release|Any CPU = Release|Any CPU
	EndGlobalSection
	GlobalSection(ProjectConfigurationPlatforms) = postSolution
		{A97517CB-FB95-4A03-9779-07289EE39007}.Debug|Any CPU.ActiveCfg = Debug|Any CPU
		{A97517CB-FB95-4A03-9779-07289EE39007}.Debug|Any CPU.Build.0 = Debug|Any CPU
		{A97517CB-FB95-4A03-9779-07289EE39007}.Release|Any CPU.ActiveCfg = Release|Any CPU
		{A97517CB-FB95-4A03-9779-07289EE39007}.Release|Any CPU.Build.0 = Release|Any CPU
	EndGlobalSection
	GlobalSection(SolutionProperties) = preSolution
		HideSolutionNode = FALSE
	EndGlobalSection
	GlobalSection(ExtensibilityGlobals) = postSolution
		SolutionGuid = {448880D3-F5C1-4FBC-8017-FF98BFA36F42}
	EndGlobalSection
EndGlobal
